# This file was autogenerated by Stack.
# You should not edit this file by hand.
# For more information, please see the documentation at:
#   https://docs.haskellstack.org/en/stable/topics/lock_files

packages:
- completed:
    hackage: fourmolu-0.19.0.1@sha256:5280ea1ed8121b29bd4f602da26f4e694291b2ae9174c5d7a5e25402ef0bdd12,6224
    pantry-tree:
      sha256: d2638a26d9307208b9687a0476c127e0f90932c7a3254bc8005dd0db0806a272
      size: 172783
  original:
    hackage: fourmolu-0.19.0.1@sha256:5280ea1ed8121b29bd4f602da26f4e694291b2ae9174c5d7a5e25402ef0bdd12,6224
- completed:
    hackage: ghcide-2.12.0.0@sha256:cf614e4629b24664a5fa4ae5b11c5c1368dbbf2f4aea68a7d14c66e886d2a41c,6768
    pantry-tree:
      sha256: af65682540e45081a2f06ff3ecb02eb3e60942de34df579b83510ac2af7ee06c
      size: 6398
  original:
    hackage: ghcide-2.12.0.0@sha256:cf614e4629b24664a5fa4ae5b11c5c1368dbbf2f4aea68a7d14c66e886d2a41c,6768
- completed:
    hackage: hiedb-0.7.0.0@sha256:5202175221ae4071dc2e84f07b972274f839ab90d9b4b886460ccceb56567eb4,3035
    pantry-tree:
      sha256: f45f58bc9e0c7399a0d1e1c43204a9537af09e1473b0cf3fa33ae509d2d3775b
      size: 1021
  original:
    hackage: hiedb-0.7.0.0@sha256:5202175221ae4071dc2e84f07b972274f839ab90d9b4b886460ccceb56567eb4,3035
- completed:
    hackage: hls-graph-2.12.0.0@sha256:eeac7b988fbda4e56a0f89457c32d414545d94ddcb0553101c4bb7ccf330729a,3307
    pantry-tree:
      sha256: 90dfd80089337af36fd34f64e671fb16621e8ef37d0653aff987974fbcb402f0
      size: 1807
  original:
    hackage: hls-graph-2.12.0.0@sha256:eeac7b988fbda4e56a0f89457c32d414545d94ddcb0553101c4bb7ccf330729a,3307
- completed:
    hackage: hls-plugin-api-2.12.0.0@sha256:20c2e72ca277d72e2d5f71fda57f2d93134feff3a781bd52d9c791d5c9bffbdc,3430
    pantry-tree:
      sha256: ad75ee32544b233ccf88df15950aeedee31c3b3ce095a003b6946292ddd9b792
      size: 1013
  original:
    hackage: hls-plugin-api-2.12.0.0@sha256:20c2e72ca277d72e2d5f71fda57f2d93134feff3a781bd52d9c791d5c9bffbdc,3430
- completed:
    hackage: hls-test-utils-2.12.0.0@sha256:eed090db266064d8aed595057571e103ef043312bb15630a42f4113533f248c4,1696
    pantry-tree:
      sha256: 561db3206bbb7b1d45bc35b775f1649fee7cff9bf8290a42899f5f140e38b7cc
      size: 447
  original:
    hackage: hls-test-utils-2.12.0.0@sha256:eed090db266064d8aed595057571e103ef043312bb15630a42f4113533f248c4,1696
- completed:
    hackage: ormolu-0.8.0.2@sha256:4f85ee1053234827cec315f4307ce058b048ede13e29a6f2f21eaea7606261c7,5125
    pantry-tree:
      sha256: 0367b8db4b4f2ac7eec2c9965ac17600203e0b6a531f8fad29316e92ed075535
      size: 104683
  original:
    hackage: ormolu-0.8.0.2@sha256:4f85ee1053234827cec315f4307ce058b048ede13e29a6f2f21eaea7606261c7,5125
- completed:
    hackage: stan-0.2.1.0@sha256:187fe45f1a13e373040929f4c490f8de7f2e2db719bfb45e167243b4ef1e39f3,9268
    pantry-tree:
      sha256: 538f223d38fc9fe0ae20fa6989df9d7277c21b524ee3ddae9f57600b99fbfeb9
      size: 5658
  original:
    hackage: stan-0.2.1.0@sha256:187fe45f1a13e373040929f4c490f8de7f2e2db719bfb45e167243b4ef1e39f3,9268
- completed:
    hackage: trial-0.0.0.0@sha256:a1d26b8da6f84cd7ca26761451af6c11f6400b7fe75840ddf278cb37a0564faf,4410
    pantry-tree:
      sha256: ce5e6a50bf01ad6c9edd89510610e11db264032fb0dce3df514e6a0af3c1fa79
      size: 561
  original:
    hackage: trial-0.0.0.0@sha256:a1d26b8da6f84cd7ca26761451af6c11f6400b7fe75840ddf278cb37a0564faf,4410
snapshots:
- completed:
    sha256: 309392e77af949aff34933aff53070c774d274b0f2f7e314df665c0d322c7715
    size: 726103
    url: https://raw.githubusercontent.com/commercialhaskell/stackage-snapshots/master/lts/24/16.yaml
  original:
    url: https://raw.githubusercontent.com/commercialhaskell/stackage-snapshots/master/lts/24/16.yaml
